version = 1
requires-python = ">=3.13"

[[package]]
name = "orjson"
version = "3.10.13"
source = { registry = "https://pypi.org/simple" }
sdist = { url = "https://files.pythonhosted.org/packages/45/0b/8c7eaf1e2152f1e0fb28ae7b22e2b35a6b1992953a1ebe0371ba4d41d3ad/orjson-3.10.13.tar.gz", hash = "sha256:eb9bfb14ab8f68d9d9492d4817ae497788a15fd7da72e14dfabc289c3bb088ec", size = 5438389 }
wheels = [
    { url = "https://files.pythonhosted.org/packages/ef/42/482fced9a135c798f31e1088f608fa16735fdc484eb8ffdd29aa32d4e842/orjson-3.10.13-cp313-cp313-macosx_10_15_x86_64.macosx_11_0_arm64.macosx_10_15_universal2.whl", hash = "sha256:2cdaf8b028a976ebab837a2c27b82810f7fc76ed9fb243755ba650cc83d07730", size = 248726 },
    { url = "https://files.pythonhosted.org/packages/00/e7/6345653906ee6d2d6eabb767cdc4482c7809572dbda59224f40e48931efa/orjson-3.10.13-cp313-cp313-manylinux_2_17_aarch64.manylinux2014_aarch64.whl", hash = "sha256:48a946796e390cbb803e069472de37f192b7a80f4ac82e16d6eb9909d9e39d56", size = 126032 },
    { url = "https://files.pythonhosted.org/packages/ad/b8/0d2a2c739458ff7f9917a132225365d72d18f4b65c50cb8ebb5afb6fe184/orjson-3.10.13-cp313-cp313-manylinux_2_17_x86_64.manylinux2014_x86_64.whl", hash = "sha256:1a7d64f1db5ecbc21eb83097e5236d6ab7e86092c1cd4c216c02533332951afc", size = 131547 },
    { url = "https://files.pythonhosted.org/packages/8d/ac/a1dc389cf364d576cf587a6f78dac6c905c5cac31b9dbd063bbb24335bf7/orjson-3.10.13-cp313-cp313-musllinux_1_2_aarch64.whl", hash = "sha256:711878da48f89df194edd2ba603ad42e7afed74abcd2bac164685e7ec15f96de", size = 131682 },
    { url = "https://files.pythonhosted.org/packages/43/6c/debab76b830aba6449ec8a75ac77edebb0e7decff63eb3ecfb2cf6340a2e/orjson-3.10.13-cp313-cp313-musllinux_1_2_armv7l.whl", hash = "sha256:cf16f06cb77ce8baf844bc222dbcb03838f61d0abda2c3341400c2b7604e436e", size = 415621 },
    { url = "https://files.pythonhosted.org/packages/c2/32/106e605db5369a6717036065e2b41ac52bd0d2712962edb3e026a452dc07/orjson-3.10.13-cp313-cp313-musllinux_1_2_i686.whl", hash = "sha256:8257c3fb8dd7b0b446b5e87bf85a28e4071ac50f8c04b6ce2d38cb4abd7dff57", size = 142388 },
    { url = "https://files.pythonhosted.org/packages/a3/02/6b2103898d60c2565bf97abffdf3a4cf338920b9feb55eec1fd791ab10ee/orjson-3.10.13-cp313-cp313-musllinux_1_2_x86_64.whl", hash = "sha256:d9c3a87abe6f849a4a7ac8a8a1dede6320a4303d5304006b90da7a3cd2b70d2c", size = 130825 },
    { url = "https://files.pythonhosted.org/packages/87/7c/db115e2380435da569732999d5c4c9b9868efe72e063493cb73c36bb649a/orjson-3.10.13-cp313-cp313-win32.whl", hash = "sha256:527afb6ddb0fa3fe02f5d9fba4920d9d95da58917826a9be93e0242da8abe94a", size = 143723 },
    { url = "https://files.pythonhosted.org/packages/cc/5e/c2b74a0b38ec561a322d8946663924556c1f967df2eefe1b9e0b98a33950/orjson-3.10.13-cp313-cp313-win_amd64.whl", hash = "sha256:b5f7c298d4b935b222f52d6c7f2ba5eafb59d690d9a3840b7b5c5cda97f6ec5c", size = 134968 },
]

[[package]]
name = "parser"
version = "0.1.0"
source = { virtual = "." }
dependencies = [
    { name = "orjson" },
    { name = "pylatexenc" },
]

[package.metadata]
requires-dist = [
    { name = "orjson", specifier = ">=3.10.13" },
    { name = "pylatexenc", specifier = ">=2.10" },
]

[[package]]
name = "pylatexenc"
version = "2.10"
source = { registry = "https://pypi.org/simple" }
sdist = { url = "https://files.pythonhosted.org/packages/5d/ab/34ec41718af73c00119d0351b7a2531d2ebddb51833a36448fc7b862be60/pylatexenc-2.10.tar.gz", hash = "sha256:3dd8fd84eb46dc30bee1e23eaab8d8fb5a7f507347b23e5f38ad9675c84f40d3", size = 162597 }
